
Microsoft Visual Studio Solution File, Format Version 12.00
# Visual Studio Version 16
VisualStudioVersion = 16.0.30711.63
MinimumVisualStudioVersion = 10.0.40219.1
Project("{FAE04EC0-301F-11D3-BF4B-00C04F79EFBC}") = "StudyCafe", "WindowsFormsApp1\StudyCafe.csproj", "{C1BAB6FC-9EB1-49F4-9EA2-96F6F85C86CC}"
EndProject
Project("{FAE04EC0-301F-11D3-BF4B-00C04F79EFBC}") = "StudyCafe.Data", "StudyCafe.Data\StudyCafe.Data.csproj", "{AD51E628-6053-4F07-B02C-6FF3C0D5577A}"
EndProject
Project("{FAE04EC0-301F-11D3-BF4B-00C04F79EFBC}") = "StudyCafe.UnitTest", "StudyCafe.UnitTest\StudyCafe.UnitTest.csproj", "{0DD502BE-D83B-4AF6-A456-3557D2DE766C}"
EndProject
Project("{FAE04EC0-301F-11D3-BF4B-00C04F79EFBC}") = "StudyCafe.TimeChecker", "StudyCafe.TimeChecker\StudyCafe.TimeChecker.csproj", "{2B19BC9D-48F3-4243-9DE1-817FE1E4BEBA}"
EndProject
Project("{2150E333-8FDC-42A3-9474-1A3956D46DE8}") = "Solution Items", "Solution Items", "{90040C60-0C78-4076-9881-5F7AA73B31E7}"
	ProjectSection(SolutionItems) = preProject
		README.md = README.md
	EndProjectSection
EndProject
Project("{FAE04EC0-301F-11D3-BF4B-00C04F79EFBC}") = "StudyCafe.Admin", "StudyCafe.Admin\StudyCafe.Admin.csproj", "{87C56448-D9A1-4E0E-9573-21FAEFF09E68}"
EndProject
Project("{9A19103F-16F7-4668-BE54-9A1E7A4F7556}") = "WindowsFormsApp1ML.Model", "WindowsFormsApp1ML.Model\WindowsFormsApp1ML.Model.csproj", "{25BC7959-75FD-4588-98D1-C1D34B08A3CC}"
EndProject
Project("{9A19103F-16F7-4668-BE54-9A1E7A4F7556}") = "WindowsFormsApp1ML.ConsoleApp", "WindowsFormsApp1ML.ConsoleApp\WindowsFormsApp1ML.ConsoleApp.csproj", "{106BBB21-EBE0-4BF6-8AAA-A0C3B5504A67}"
EndProject
Global
	GlobalSection(SolutionConfigurationPlatforms) = preSolution
		Debug|Any CPU = Debug|Any CPU
		Release|Any CPU = Release|Any CPU
	EndGlobalSection
	GlobalSection(ProjectConfigurationPlatforms) = postSolution
		{C1BAB6FC-9EB1-49F4-9EA2-96F6F85C86CC}.Debug|Any CPU.ActiveCfg = Debug|Any CPU
		{C1BAB6FC-9EB1-49F4-9EA2-96F6F85C86CC}.Debug|Any CPU.Build.0 = Debug|Any CPU
		{C1BAB6FC-9EB1-49F4-9EA2-96F6F85C86CC}.Release|Any CPU.ActiveCfg = Release|Any CPU
		{C1BAB6FC-9EB1-49F4-9EA2-96F6F85C86CC}.Release|Any CPU.Build.0 = Release|Any CPU
		{AD51E628-6053-4F07-B02C-6FF3C0D5577A}.Debug|Any CPU.ActiveCfg = Debug|Any CPU
		{AD51E628-6053-4F07-B02C-6FF3C0D5577A}.Debug|Any CPU.Build.0 = Debug|Any CPU
		{AD51E628-6053-4F07-B02C-6FF3C0D5577A}.Release|Any CPU.ActiveCfg = Release|Any CPU
		{AD51E628-6053-4F07-B02C-6FF3C0D5577A}.Release|Any CPU.Build.0 = Release|Any CPU
		{0DD502BE-D83B-4AF6-A456-3557D2DE766C}.Debug|Any CPU.ActiveCfg = Debug|Any CPU
		{0DD502BE-D83B-4AF6-A456-3557D2DE766C}.Debug|Any CPU.Build.0 = Debug|Any CPU
		{0DD502BE-D83B-4AF6-A456-3557D2DE766C}.Release|Any CPU.ActiveCfg = Release|Any CPU
		{0DD502BE-D83B-4AF6-A456-3557D2DE766C}.Release|Any CPU.Build.0 = Release|Any CPU
		{2B19BC9D-48F3-4243-9DE1-817FE1E4BEBA}.Debug|Any CPU.ActiveCfg = Debug|Any CPU
		{2B19BC9D-48F3-4243-9DE1-817FE1E4BEBA}.Debug|Any CPU.Build.0 = Debug|Any CPU
		{2B19BC9D-48F3-4243-9DE1-817FE1E4BEBA}.Release|Any CPU.ActiveCfg = Release|Any CPU
		{2B19BC9D-48F3-4243-9DE1-817FE1E4BEBA}.Release|Any CPU.Build.0 = Release|Any CPU
		{87C56448-D9A1-4E0E-9573-21FAEFF09E68}.Debug|Any CPU.ActiveCfg = Debug|Any CPU
		{87C56448-D9A1-4E0E-9573-21FAEFF09E68}.Debug|Any CPU.Build.0 = Debug|Any CPU
		{87C56448-D9A1-4E0E-9573-21FAEFF09E68}.Release|Any CPU.ActiveCfg = Release|Any CPU
		{87C56448-D9A1-4E0E-9573-21FAEFF09E68}.Release|Any CPU.Build.0 = Release|Any CPU
		{25BC7959-75FD-4588-98D1-C1D34B08A3CC}.Debug|Any CPU.ActiveCfg = Debug|Any CPU
		{25BC7959-75FD-4588-98D1-C1D34B08A3CC}.Debug|Any CPU.Build.0 = Debug|Any CPU
		{25BC7959-75FD-4588-98D1-C1D34B08A3CC}.Release|Any CPU.ActiveCfg = Release|Any CPU
		{25BC7959-75FD-4588-98D1-C1D34B08A3CC}.Release|Any CPU.Build.0 = Release|Any CPU
		{106BBB21-EBE0-4BF6-8AAA-A0C3B5504A67}.Debug|Any CPU.ActiveCfg = Debug|Any CPU
		{106BBB21-EBE0-4BF6-8AAA-A0C3B5504A67}.Debug|Any CPU.Build.0 = Debug|Any CPU
		{106BBB21-EBE0-4BF6-8AAA-A0C3B5504A67}.Release|Any CPU.ActiveCfg = Release|Any CPU
		{106BBB21-EBE0-4BF6-8AAA-A0C3B5504A67}.Release|Any CPU.Build.0 = Release|Any CPU
	EndGlobalSection
	GlobalSection(SolutionProperties) = preSolution
		HideSolutionNode = FALSE
	EndGlobalSection
	GlobalSection(ExtensibilityGlobals) = postSolution
		SolutionGuid = {7EFC85EF-C4E1-4929-B739-EEE54A6613BF}
	EndGlobalSection
EndGlobal
